{
  "name": "Theta - Figma to Code",
  "version": "1.0.0",
  "lockfileVersion": 3,
  "requires": true,
  "packages": {
    "": {
      "name": "Theta - Figma to Code",
      "version": "1.0.0",
      "dependencies": {
        "base-64": "^1.0.0",
        "node-gzip": "^1.1.2",
        "utf8": "^3.0.0"
      },
      "devDependencies": {
        "@figma/plugin-typings": "^1.77.0",
        "@types/base-64": "^1.0.0",
        "@types/node-gzip": "^1.1.0",
        "@types/utf8": "^3.0.1",
        "typescript": "*"
      }
    },
    "node_modules/@figma/plugin-typings": {
      "version": "1.77.0",
      "resolved": "https://registry.npmjs.org/@figma/plugin-typings/-/plugin-typings-1.77.0.tgz",
      "integrity": "sha512-mSm+/jpmSJpG8jXEctzkiCVdn6IPoMjxuy8oDWmmSLpYtRIKfTjN01shtyrMAHDLY4klVa9F36f+QC0bsavoow==",
      "dev": true
    },
    "node_modules/@types/base-64": {
      "version": "1.0.0",
      "resolved": "https://registry.npmjs.org/@types/base-64/-/base-64-1.0.0.tgz",
      "integrity": "sha512-AvCJx/HrfYHmOQRFdVvgKMplXfzTUizmh0tz9GFTpDePWgCY4uoKll84zKlaRoeiYiCr7c9ZnqSTzkl0BUVD6g==",
      "dev": true
    },
    "node_modules/@types/node": {
      "version": "20.6.2",
      "resolved": "https://registry.npmjs.org/@types/node/-/node-20.6.2.tgz",
      "integrity": "sha512-Y+/1vGBHV/cYk6OI1Na/LHzwnlNCAfU3ZNGrc1LdRe/LAIbdDPTTv/HU3M7yXN448aTVDq3eKRm2cg7iKLb8gw==",
      "dev": true
    },
    "node_modules/@types/node-gzip": {
      "version": "1.1.0",
      "resolved": "https://registry.npmjs.org/@types/node-gzip/-/node-gzip-1.1.0.tgz",
      "integrity": "sha512-j7cGb6HIOZbDx3sqe9/9VAPeSvyt143yu5k35gzRXE3mxEgK6BOZ6BAiJ3ToXBcJqLzL9Cr53dav21jlp3f9gw==",
      "dev": true,
      "dependencies": {
        "@types/node": "*"
      }
    },
    "node_modules/@types/utf8": {
      "version": "3.0.1",
      "resolved": "https://registry.npmjs.org/@types/utf8/-/utf8-3.0.1.tgz",
      "integrity": "sha512-1EkWuw7rT3BMz2HpmcEOr/HL61mWNA6Ulr/KdbXR9AI0A55wD4Qfv8hizd8Q1DnknSIzzDvQmvvY/guvX7jjZA==",
      "dev": true
    },
    "node_modules/base-64": {
      "version": "1.0.0",
      "resolved": "https://registry.npmjs.org/base-64/-/base-64-1.0.0.tgz",
      "integrity": "sha512-kwDPIFCGx0NZHog36dj+tHiwP4QMzsZ3AgMViUBKI0+V5n4U0ufTCUMhnQ04diaRI8EX/QcPfql7zlhZ7j4zgg=="
    },
    "node_modules/node-gzip": {
      "version": "1.1.2",
      "resolved": "https://registry.npmjs.org/node-gzip/-/node-gzip-1.1.2.tgz",
      "integrity": "sha512-ZB6zWpfZHGtxZnPMrJSKHVPrRjURoUzaDbLFj3VO70mpLTW5np96vXyHwft4Id0o+PYIzgDkBUjIzaNHhQ8srw=="
    },
    "node_modules/typescript": {
      "version": "5.2.2",
      "resolved": "https://registry.npmjs.org/typescript/-/typescript-5.2.2.tgz",
      "integrity": "sha512-mI4WrpHsbCIcwT9cF4FZvr80QUeKvsUsUvKDoR+X/7XHQH98xYD8YHZg7ANtz2GtZt/CBq2QJ0thkGJMHfqc1w==",
      "dev": true,
      "bin": {
        "tsc": "bin/tsc",
        "tsserver": "bin/tsserver"
      },
      "engines": {
        "node": ">=14.17"
      }
    },
    "node_modules/utf8": {
      "version": "3.0.0",
      "resolved": "https://registry.npmjs.org/utf8/-/utf8-3.0.0.tgz",
      "integrity": "sha512-E8VjFIQ/TyQgp+TZfS6l8yp/xWppSAHzidGiRrqe4bK4XP9pTRyKFgGJpO3SN7zdX4DeomTrwaseCHovfpFcqQ=="
    }
  }
}
